{
  "requires": true,
  "lockfileVersion": 1,
  "dependencies": {
    "js-tokens": {
      "version": "4.0.0",
      "resolved": "https://registry.npmjs.org/js-tokens/-/js-tokens-4.0.0.tgz",
      "integrity": "sha512-RdJUflcE3cUzKiMqQgsCu06FPu9UdIJO0beYbPhHN4k6apgJtifcoCtT9bcxOpYBtpD2kCM6Sbzg4CausW/PKQ=="
    },
    "lodash": {
      "version": "4.17.15",
      "resolved": "https://registry.npmjs.org/lodash/-/lodash-4.17.15.tgz",
      "integrity": "sha512-8xOcRHvCjnocdS5cpwXQXVzmmh5e5+saE2QGoeQmbKmRS6J3VQppPOIt0MnmE+4xlZoumy0GPG0D0MVIQbNA1A=="
    },
    "loose-envify": {
      "version": "1.4.0",
      "resolved": "https://registry.npmjs.org/loose-envify/-/loose-envify-1.4.0.tgz",
      "integrity": "sha512-lyuxPGr/Wfhrlem2CL/UcnUc1zcqKAImBDzukY7Y5F/yQiNdko6+fRLevlw1HgMySw7f611UIY408EtxRSoK3Q==",
      "requires": {
        "js-tokens": "^3.0.0 || ^4.0.0"
      }
    },
    "now": {
      "version": "17.1.1",
      "resolved": "https://registry.npmjs.org/now/-/now-17.1.1.tgz",
      "integrity": "sha512-Hmh8eMSt4FxS1YBwaLrdJuzEVm6ZtS4JCY0AZE+JTnTtDGHVaQMUI85FaPvasSIhKLa+7xf6v7lmTgM39VW/8w=="
    },
    "object-assign": {
      "version": "4.1.1",
      "resolved": "https://registry.npmjs.org/object-assign/-/object-assign-4.1.1.tgz",
      "integrity": "sha1-IQmtx5ZYh8/AXLvUQsrIv7s2CGM="
    },
    "prop-types": {
      "version": "15.7.2",
      "resolved": "https://registry.npmjs.org/prop-types/-/prop-types-15.7.2.tgz",
      "integrity": "sha512-8QQikdH7//R2vurIJSutZ1smHYTcLpRWEOlHnzcWHmBYrOGUysKwSsrC89BCiFj3CbrfJ/nXFdJepOVrY1GCHQ==",
      "requires": {
        "loose-envify": "^1.4.0",
        "object-assign": "^4.1.1",
        "react-is": "^16.8.1"
      }
    },
    "react-is": {
      "version": "16.13.1",
      "resolved": "https://registry.npmjs.org/react-is/-/react-is-16.13.1.tgz",
      "integrity": "sha512-24e6ynE2H+OKt4kqsOvNd8kBpV65zoxbA4BVsEOB3ARVWQki/DHzaUoC5KuON/BiccDaCCTZBuOcfZs70kR8bQ=="
    },
    "react-messenger-customer-chat": {
      "version": "0.7.2",
      "resolved": "https://registry.npmjs.org/react-messenger-customer-chat/-/react-messenger-customer-chat-0.7.2.tgz",
      "integrity": "sha512-loib6j9HHIx7XO4SrygYMSVFmXnbf47nqOBORC2+RRSU6Oj7OLNlsVYm3Bp286mRs8r4beLCB76RNoQXqiZpYQ==",
      "requires": {
        "prop-types": "^15.6.0"
      }
    },
    "react-particles-js": {
      "version": "2.7.1",
      "resolved": "https://registry.npmjs.org/react-particles-js/-/react-particles-js-2.7.1.tgz",
      "integrity": "sha512-H3lnlcnc35HRismahWl8n/1IBNvP1u78r1YdS+QigDYwGkv4Bxqjdp3qLkQOkQnGLzaO5iu+Z4TWnyLVxOKPtA==",
      "requires": {
        "lodash": "^4.17.11"
      }
    },
    "react-typist": {
      "version": "2.0.5",
      "resolved": "https://registry.npmjs.org/react-typist/-/react-typist-2.0.5.tgz",
      "integrity": "sha512-iZCkeqeegO0TlkTMiH2JD1tvMtY9RrXkRylnAI6m8aCVAUUwNzoWTVF7CKLij6THeOMcUDCznLDDvNp55s+YZA==",
      "requires": {
        "prop-types": "^15.5.10"
      }
    }
  }
}
